{
  "meteor": {},
  "dependencies": {
    "basePackages": {
      "owl-carousel": {}
    },
    "packages": {
      "owl-carousel": {
        "git": "https://github.com/richsilv/meteor-owl-carousel.git",
        "tag": "v0.1.0",
        "commit": "cdf148b3ff3b4c715127c7c7497dcee159b37e18"
      }
    }
  }
}
